// !$*UTF8*$!
{
	archiveVersion = 1;
	classes = {
	};
	objectVersion = 46;
	objects = {

/* Begin PBXBuildFile section */
		E30F3A601BD68040001E02E9 /* ComicTableViewController.swift in Sources */ = {isa = PBXBuildFile; fileRef = E30F3A5F1BD68040001E02E9 /* ComicTableViewController.swift */; };
		E334ED761BBECE480060E51D /* ComicCollectionViewCell.swift in Sources */ = {isa = PBXBuildFile; fileRef = E334ED751BBECE480060E51D /* ComicCollectionViewCell.swift */; };
		E38DFE541BBDABFD00AAFD78 /* DataIterator.swift in Sources */ = {isa = PBXBuildFile; fileRef = E38DFE531BBDABFD00AAFD78 /* DataIterator.swift */; };
		E3AC67561BD93FD2005D4F2C /* Request.swift in Sources */ = {isa = PBXBuildFile; fileRef = E3AC67551BD93FD2005D4F2C /* Request.swift */; };
		E3BAEB781BB9D225000B9503 /* AppDelegate.swift in Sources */ = {isa = PBXBuildFile; fileRef = E3BAEB771BB9D225000B9503 /* AppDelegate.swift */; };
		E3BAEB7A1BB9D225000B9503 /* MasterViewController.swift in Sources */ = {isa = PBXBuildFile; fileRef = E3BAEB791BB9D225000B9503 /* MasterViewController.swift */; };
		E3BAEB7C1BB9D225000B9503 /* DetailViewController.swift in Sources */ = {isa = PBXBuildFile; fileRef = E3BAEB7B1BB9D225000B9503 /* DetailViewController.swift */; };
		E3BAEB7F1BB9D225000B9503 /* Main.storyboard in Resources */ = {isa = PBXBuildFile; fileRef = E3BAEB7D1BB9D225000B9503 /* Main.storyboard */; };
		E3BAEB811BB9D225000B9503 /* Assets.xcassets in Resources */ = {isa = PBXBuildFile; fileRef = E3BAEB801BB9D225000B9503 /* Assets.xcassets */; };
		E3BAEB841BB9D225000B9503 /* LaunchScreen.storyboard in Resources */ = {isa = PBXBuildFile; fileRef = E3BAEB821BB9D225000B9503 /* LaunchScreen.storyboard */; };
		E3BAEB8F1BB9D225000B9503 /* MarvelComicBrowserTests.swift in Sources */ = {isa = PBXBuildFile; fileRef = E3BAEB8E1BB9D225000B9503 /* MarvelComicBrowserTests.swift */; };
		E3BAEB9A1BB9D225000B9503 /* MarvelComicBrowserUITests.swift in Sources */ = {isa = PBXBuildFile; fileRef = E3BAEB991BB9D225000B9503 /* MarvelComicBrowserUITests.swift */; };
		E3BAEBA81BB9E3E0000B9503 /* Cartfile in Resources */ = {isa = PBXBuildFile; fileRef = E3BAEBA71BB9E3E0000B9503 /* Cartfile */; };
		E3BAEBBE1BBAD012000B9503 /* Alamofire.framework in Embed Frameworks */ = {isa = PBXBuildFile; fileRef = E3BAEBBA1BBACED5000B9503 /* Alamofire.framework */; settings = {ATTRIBUTES = (CodeSignOnCopy, RemoveHeadersOnCopy, ); }; };
		E3BAEBC01BBAD03B000B9503 /* Alamofire.framework in Frameworks */ = {isa = PBXBuildFile; fileRef = E3BAEBBA1BBACED5000B9503 /* Alamofire.framework */; };
		E3D5A3391BBB0DF800027841 /* ObjectMapper.framework in Frameworks */ = {isa = PBXBuildFile; fileRef = E3BAEBD01BBAFADC000B9503 /* ObjectMapper.framework */; };
		E3D5A33A1BBB0DF800027841 /* ObjectMapper.framework in Embed Frameworks */ = {isa = PBXBuildFile; fileRef = E3BAEBD01BBAFADC000B9503 /* ObjectMapper.framework */; settings = {ATTRIBUTES = (CodeSignOnCopy, RemoveHeadersOnCopy, ); }; };
		E3D5A33D1BBB1EFA00027841 /* AlamofireObjectMapper.framework in Frameworks */ = {isa = PBXBuildFile; fileRef = E3D5A33B1BBB1EAE00027841 /* AlamofireObjectMapper.framework */; };
		E3D5A33E1BBB1EFA00027841 /* AlamofireObjectMapper.framework in Embed Frameworks */ = {isa = PBXBuildFile; fileRef = E3D5A33B1BBB1EAE00027841 /* AlamofireObjectMapper.framework */; settings = {ATTRIBUTES = (CodeSignOnCopy, RemoveHeadersOnCopy, ); }; };
		E3D5A3421BBB363700027841 /* MavelDataWrapper.swift in Sources */ = {isa = PBXBuildFile; fileRef = E3D5A3411BBB363700027841 /* MavelDataWrapper.swift */; };
		E3D5A3441BBC2ADB00027841 /* DataContainer.swift in Sources */ = {isa = PBXBuildFile; fileRef = E3D5A3431BBC2ADB00027841 /* DataContainer.swift */; };
		E3D5A3461BBC304400027841 /* Character.swift in Sources */ = {isa = PBXBuildFile; fileRef = E3D5A3451BBC304400027841 /* Character.swift */; };
		E3D5A34A1BBC35C500027841 /* MarvelImage.swift in Sources */ = {isa = PBXBuildFile; fileRef = E3D5A3491BBC35C500027841 /* MarvelImage.swift */; };
		E3D5A34C1BBC39B800027841 /* Comic.swift in Sources */ = {isa = PBXBuildFile; fileRef = E3D5A34B1BBC39B800027841 /* Comic.swift */; };
		E3D5A3521BBC42C200027841 /* URL.swift in Sources */ = {isa = PBXBuildFile; fileRef = E3D5A3511BBC42C200027841 /* URL.swift */; };
		E3D5A3541BBC459C00027841 /* Series.swift in Sources */ = {isa = PBXBuildFile; fileRef = E3D5A3531BBC459C00027841 /* Series.swift */; };
		E3D5A3561BBC498C00027841 /* ComicList.swift in Sources */ = {isa = PBXBuildFile; fileRef = E3D5A3551BBC498C00027841 /* ComicList.swift */; };
		E3D5A3581BBC5A4000027841 /* ComicSummary.swift in Sources */ = {isa = PBXBuildFile; fileRef = E3D5A3571BBC5A4000027841 /* ComicSummary.swift */; };
		E3D5A35A1BBC5B4E00027841 /* MarvelTextObject.swift in Sources */ = {isa = PBXBuildFile; fileRef = E3D5A3591BBC5B4E00027841 /* MarvelTextObject.swift */; };
		E3D5A35C1BBC5BB600027841 /* ComicDate.swift in Sources */ = {isa = PBXBuildFile; fileRef = E3D5A35B1BBC5BB600027841 /* ComicDate.swift */; };
		E3D5A35E1BBC5C2D00027841 /* ComicPrice.swift in Sources */ = {isa = PBXBuildFile; fileRef = E3D5A35D1BBC5C2D00027841 /* ComicPrice.swift */; };
		E3D5A3601BBC5D7A00027841 /* Creator.swift in Sources */ = {isa = PBXBuildFile; fileRef = E3D5A35F1BBC5D7A00027841 /* Creator.swift */; };
		E3D5A3621BBC5F2F00027841 /* CharacterList.swift in Sources */ = {isa = PBXBuildFile; fileRef = E3D5A3611BBC5F2F00027841 /* CharacterList.swift */; };
		E3D5A3641BBC615500027841 /* Stories.swift in Sources */ = {isa = PBXBuildFile; fileRef = E3D5A3631BBC615500027841 /* Stories.swift */; };
		E3D5A3661BBC623900027841 /* Events.swift in Sources */ = {isa = PBXBuildFile; fileRef = E3D5A3651BBC623900027841 /* Events.swift */; };
		E3D5A3691BBC691100027841 /* DataContainerStack.swift in Sources */ = {isa = PBXBuildFile; fileRef = E3D5A3681BBC691100027841 /* DataContainerStack.swift */; };
		E3D5A36E1BBC6BC500027841 /* ImageLoader.framework in Frameworks */ = {isa = PBXBuildFile; fileRef = E3D5A36C1BBC6BBA00027841 /* ImageLoader.framework */; };
		E3D5A36F1BBC6BC500027841 /* ImageLoader.framework in Embed Frameworks */ = {isa = PBXBuildFile; fileRef = E3D5A36C1BBC6BBA00027841 /* ImageLoader.framework */; settings = {ATTRIBUTES = (CodeSignOnCopy, RemoveHeadersOnCopy, ); }; };
		E3FEFB9B1BBDE9A9004348A8 /* RestProvider.swift in Sources */ = {isa = PBXBuildFile; fileRef = E3FEFB9A1BBDE9A9004348A8 /* RestProvider.swift */; };
/* End PBXBuildFile section */

/* Begin PBXContainerItemProxy section */
		E3BAEB8B1BB9D225000B9503 /* PBXContainerItemProxy */ = {
			isa = PBXContainerItemProxy;
			containerPortal = E3BAEB6C1BB9D225000B9503 /* Project object */;
			proxyType = 1;
			remoteGlobalIDString = E3BAEB731BB9D225000B9503;
			remoteInfo = MarvelComicBrowser;
		};
		E3BAEB961BB9D225000B9503 /* PBXContainerItemProxy */ = {
			isa = PBXContainerItemProxy;
			containerPortal = E3BAEB6C1BB9D225000B9503 /* Project object */;
			proxyType = 1;
			remoteGlobalIDString = E3BAEB731BB9D225000B9503;
			remoteInfo = MarvelComicBrowser;
		};
/* End PBXContainerItemProxy section */

/* Begin PBXCopyFilesBuildPhase section */
		E3BAEBBF1BBAD012000B9503 /* Embed Frameworks */ = {
			isa = PBXCopyFilesBuildPhase;
			buildActionMask = 2147483647;
			dstPath = "";
			dstSubfolderSpec = 10;
			files = (
				E3D5A33A1BBB0DF800027841 /* ObjectMapper.framework in Embed Frameworks */,
				E3D5A36F1BBC6BC500027841 /* ImageLoader.framework in Embed Frameworks */,
				E3BAEBBE1BBAD012000B9503 /* Alamofire.framework in Embed Frameworks */,
				E3D5A33E1BBB1EFA00027841 /* AlamofireObjectMapper.framework in Embed Frameworks */,
			);
			name = "Embed Frameworks";
			runOnlyForDeploymentPostprocessing = 0;
		};
/* End PBXCopyFilesBuildPhase section */

/* Begin PBXFileReference section */
		E30F3A5F1BD68040001E02E9 /* ComicTableViewController.swift */ = {isa = PBXFileReference; fileEncoding = 4; lastKnownFileType = sourcecode.swift; path = ComicTableViewController.swift; sourceTree = "<group>"; };
		E334ED751BBECE480060E51D /* ComicCollectionViewCell.swift */ = {isa = PBXFileReference; fileEncoding = 4; lastKnownFileType = sourcecode.swift; path = ComicCollectionViewCell.swift; sourceTree = "<group>"; };
		E38DFE531BBDABFD00AAFD78 /* DataIterator.swift */ = {isa = PBXFileReference; fileEncoding = 4; lastKnownFileType = sourcecode.swift; path = DataIterator.swift; sourceTree = "<group>"; };
		E3AC67551BD93FD2005D4F2C /* Request.swift */ = {isa = PBXFileReference; fileEncoding = 4; lastKnownFileType = sourcecode.swift; path = Request.swift; sourceTree = "<group>"; };
		E3BAEB741BB9D225000B9503 /* MarvelComicBrowser.app */ = {isa = PBXFileReference; explicitFileType = wrapper.application; includeInIndex = 0; path = MarvelComicBrowser.app; sourceTree = BUILT_PRODUCTS_DIR; };
		E3BAEB771BB9D225000B9503 /* AppDelegate.swift */ = {isa = PBXFileReference; lastKnownFileType = sourcecode.swift; path = AppDelegate.swift; sourceTree = "<group>"; };
		E3BAEB791BB9D225000B9503 /* MasterViewController.swift */ = {isa = PBXFileReference; lastKnownFileType = sourcecode.swift; path = MasterViewController.swift; sourceTree = "<group>"; };
		E3BAEB7B1BB9D225000B9503 /* DetailViewController.swift */ = {isa = PBXFileReference; lastKnownFileType = sourcecode.swift; path = DetailViewController.swift; sourceTree = "<group>"; };
		E3BAEB7E1BB9D225000B9503 /* Base */ = {isa = PBXFileReference; lastKnownFileType = file.storyboard; name = Base; path = Base.lproj/Main.storyboard; sourceTree = "<group>"; };
		E3BAEB801BB9D225000B9503 /* Assets.xcassets */ = {isa = PBXFileReference; lastKnownFileType = folder.assetcatalog; path = Assets.xcassets; sourceTree = "<group>"; };
		E3BAEB831BB9D225000B9503 /* Base */ = {isa = PBXFileReference; lastKnownFileType = file.storyboard; name = Base; path = Base.lproj/LaunchScreen.storyboard; sourceTree = "<group>"; };
		E3BAEB851BB9D225000B9503 /* Info.plist */ = {isa = PBXFileReference; lastKnownFileType = text.plist.xml; path = Info.plist; sourceTree = "<group>"; };
		E3BAEB8A1BB9D225000B9503 /* MarvelComicBrowserTests.xctest */ = {isa = PBXFileReference; explicitFileType = wrapper.cfbundle; includeInIndex = 0; path = MarvelComicBrowserTests.xctest; sourceTree = BUILT_PRODUCTS_DIR; };
		E3BAEB8E1BB9D225000B9503 /* MarvelComicBrowserTests.swift */ = {isa = PBXFileReference; lastKnownFileType = sourcecode.swift; path = MarvelComicBrowserTests.swift; sourceTree = "<group>"; };
		E3BAEB901BB9D225000B9503 /* Info.plist */ = {isa = PBXFileReference; lastKnownFileType = text.plist.xml; path = Info.plist; sourceTree = "<group>"; };
		E3BAEB951BB9D225000B9503 /* MarvelComicBrowserUITests.xctest */ = {isa = PBXFileReference; explicitFileType = wrapper.cfbundle; includeInIndex = 0; path = MarvelComicBrowserUITests.xctest; sourceTree = BUILT_PRODUCTS_DIR; };
		E3BAEB991BB9D225000B9503 /* MarvelComicBrowserUITests.swift */ = {isa = PBXFileReference; lastKnownFileType = sourcecode.swift; path = MarvelComicBrowserUITests.swift; sourceTree = "<group>"; };
		E3BAEB9B1BB9D225000B9503 /* Info.plist */ = {isa = PBXFileReference; lastKnownFileType = text.plist.xml; path = Info.plist; sourceTree = "<group>"; };
		E3BAEBA71BB9E3E0000B9503 /* Cartfile */ = {isa = PBXFileReference; fileEncoding = 4; lastKnownFileType = text; path = Cartfile; sourceTree = SOURCE_ROOT; };
		E3BAEBBA1BBACED5000B9503 /* Alamofire.framework */ = {isa = PBXFileReference; lastKnownFileType = wrapper.framework; name = Alamofire.framework; path = Carthage/Build/iOS/Alamofire.framework; sourceTree = "<group>"; };
		E3BAEBC21BBADE77000B9503 /* SwiftyJSON.framework */ = {isa = PBXFileReference; lastKnownFileType = wrapper.framework; name = SwiftyJSON.framework; path = Carthage/Build/iOS/SwiftyJSON.framework; sourceTree = "<group>"; };
		E3BAEBD01BBAFADC000B9503 /* ObjectMapper.framework */ = {isa = PBXFileReference; lastKnownFileType = wrapper.framework; name = ObjectMapper.framework; path = Carthage/Build/iOS/ObjectMapper.framework; sourceTree = "<group>"; };
		E3D5A33B1BBB1EAE00027841 /* AlamofireObjectMapper.framework */ = {isa = PBXFileReference; lastKnownFileType = wrapper.framework; name = AlamofireObjectMapper.framework; path = Carthage/Build/iOS/AlamofireObjectMapper.framework; sourceTree = "<group>"; };
		E3D5A3411BBB363700027841 /* MavelDataWrapper.swift */ = {isa = PBXFileReference; fileEncoding = 4; lastKnownFileType = sourcecode.swift; path = MavelDataWrapper.swift; sourceTree = "<group>"; };
		E3D5A3431BBC2ADB00027841 /* DataContainer.swift */ = {isa = PBXFileReference; fileEncoding = 4; lastKnownFileType = sourcecode.swift; path = DataContainer.swift; sourceTree = "<group>"; };
		E3D5A3451BBC304400027841 /* Character.swift */ = {isa = PBXFileReference; fileEncoding = 4; lastKnownFileType = sourcecode.swift; path = Character.swift; sourceTree = "<group>"; };
		E3D5A3491BBC35C500027841 /* MarvelImage.swift */ = {isa = PBXFileReference; fileEncoding = 4; lastKnownFileType = sourcecode.swift; path = MarvelImage.swift; sourceTree = "<group>"; };
		E3D5A34B1BBC39B800027841 /* Comic.swift */ = {isa = PBXFileReference; fileEncoding = 4; lastKnownFileType = sourcecode.swift; path = Comic.swift; sourceTree = "<group>"; };
		E3D5A3511BBC42C200027841 /* URL.swift */ = {isa = PBXFileReference; fileEncoding = 4; lastKnownFileType = sourcecode.swift; path = URL.swift; sourceTree = "<group>"; };
		E3D5A3531BBC459C00027841 /* Series.swift */ = {isa = PBXFileReference; fileEncoding = 4; lastKnownFileType = sourcecode.swift; path = Series.swift; sourceTree = "<group>"; };
		E3D5A3551BBC498C00027841 /* ComicList.swift */ = {isa = PBXFileReference; fileEncoding = 4; lastKnownFileType = sourcecode.swift; path = ComicList.swift; sourceTree = "<group>"; };
		E3D5A3571BBC5A4000027841 /* ComicSummary.swift */ = {isa = PBXFileReference; fileEncoding = 4; lastKnownFileType = sourcecode.swift; path = ComicSummary.swift; sourceTree = "<group>"; };
		E3D5A3591BBC5B4E00027841 /* MarvelTextObject.swift */ = {isa = PBXFileReference; fileEncoding = 4; lastKnownFileType = sourcecode.swift; path = MarvelTextObject.swift; sourceTree = "<group>"; };
		E3D5A35B1BBC5BB600027841 /* ComicDate.swift */ = {isa = PBXFileReference; fileEncoding = 4; lastKnownFileType = sourcecode.swift; path = ComicDate.swift; sourceTree = "<group>"; };
		E3D5A35D1BBC5C2D00027841 /* ComicPrice.swift */ = {isa = PBXFileReference; fileEncoding = 4; lastKnownFileType = sourcecode.swift; path = ComicPrice.swift; sourceTree = "<group>"; };
		E3D5A35F1BBC5D7A00027841 /* Creator.swift */ = {isa = PBXFileReference; fileEncoding = 4; lastKnownFileType = sourcecode.swift; path = Creator.swift; sourceTree = "<group>"; };
		E3D5A3611BBC5F2F00027841 /* CharacterList.swift */ = {isa = PBXFileReference; fileEncoding = 4; lastKnownFileType = sourcecode.swift; path = CharacterList.swift; sourceTree = "<group>"; };
		E3D5A3631BBC615500027841 /* Stories.swift */ = {isa = PBXFileReference; fileEncoding = 4; lastKnownFileType = sourcecode.swift; path = Stories.swift; sourceTree = "<group>"; };
		E3D5A3651BBC623900027841 /* Events.swift */ = {isa = PBXFileReference; fileEncoding = 4; lastKnownFileType = sourcecode.swift; path = Events.swift; sourceTree = "<group>"; };
		E3D5A3681BBC691100027841 /* DataContainerStack.swift */ = {isa = PBXFileReference; fileEncoding = 4; lastKnownFileType = sourcecode.swift; path = DataContainerStack.swift; sourceTree = "<group>"; };
		E3D5A36C1BBC6BBA00027841 /* ImageLoader.framework */ = {isa = PBXFileReference; lastKnownFileType = wrapper.framework; name = ImageLoader.framework; path = Carthage/Build/iOS/ImageLoader.framework; sourceTree = "<group>"; };
		E3FEFB9A1BBDE9A9004348A8 /* RestProvider.swift */ = {isa = PBXFileReference; fileEncoding = 4; lastKnownFileType = sourcecode.swift; path = RestProvider.swift; sourceTree = "<group>"; };
/* End PBXFileReference section */

/* Begin PBXFrameworksBuildPhase section */
		E3BAEB711BB9D225000B9503 /* Frameworks */ = {
			isa = PBXFrameworksBuildPhase;
			buildActionMask = 2147483647;
			files = (
				E3D5A3391BBB0DF800027841 /* ObjectMapper.framework in Frameworks */,
				E3D5A36E1BBC6BC500027841 /* ImageLoader.framework in Frameworks */,
				E3BAEBC01BBAD03B000B9503 /* Alamofire.framework in Frameworks */,
				E3D5A33D1BBB1EFA00027841 /* AlamofireObjectMapper.framework in Frameworks */,
			);
			runOnlyForDeploymentPostprocessing = 0;
		};
		E3BAEB871BB9D225000B9503 /* Frameworks */ = {
			isa = PBXFrameworksBuildPhase;
			buildActionMask = 2147483647;
			files = (
			);
			runOnlyForDeploymentPostprocessing = 0;
		};
		E3BAEB921BB9D225000B9503 /* Frameworks */ = {
			isa = PBXFrameworksBuildPhase;
			buildActionMask = 2147483647;
			files = (
			);
			runOnlyForDeploymentPostprocessing = 0;
		};
/* End PBXFrameworksBuildPhase section */

/* Begin PBXGroup section */
		E334ED741BBECDFD0060E51D /* Views */ = {
			isa = PBXGroup;
			children = (
				E334ED751BBECE480060E51D /* ComicCollectionViewCell.swift */,
			);
			name = Views;
			sourceTree = "<group>";
		};
		E3BAEB6B1BB9D225000B9503 = {
			isa = PBXGroup;
			children = (
				E3BAEBC11BBADE05000B9503 /* Framworks */,
				E3BAEB761BB9D225000B9503 /* MarvelComicBrowser */,
				E3BAEBA71BB9E3E0000B9503 /* Cartfile */,
				E3BAEB8D1BB9D225000B9503 /* MarvelComicBrowserTests */,
				E3BAEB981BB9D225000B9503 /* MarvelComicBrowserUITests */,
				E3BAEB751BB9D225000B9503 /* Products */,
			);
			sourceTree = "<group>";
		};
		E3BAEB751BB9D225000B9503 /* Products */ = {
			isa = PBXGroup;
			children = (
				E3BAEB741BB9D225000B9503 /* MarvelComicBrowser.app */,
				E3BAEB8A1BB9D225000B9503 /* MarvelComicBrowserTests.xctest */,
				E3BAEB951BB9D225000B9503 /* MarvelComicBrowserUITests.xctest */,
			);
			name = Products;
			sourceTree = "<group>";
		};
		E3BAEB761BB9D225000B9503 /* MarvelComicBrowser */ = {
			isa = PBXGroup;
			children = (
				E334ED741BBECDFD0060E51D /* Views */,
				E3D5A3671BBC687900027841 /* Services */,
				E3BAEBC61BBADEBE000B9503 /* Models */,
				E3D5A33F1BBB274C00027841 /* LifeCycle */,
				E3D5A3401BBB27B800027841 /* ViewControllers */,
			);
			path = MarvelComicBrowser;
			sourceTree = "<group>";
		};
		E3BAEB8D1BB9D225000B9503 /* MarvelComicBrowserTests */ = {
			isa = PBXGroup;
			children = (
				E3BAEB8E1BB9D225000B9503 /* MarvelComicBrowserTests.swift */,
				E3BAEB901BB9D225000B9503 /* Info.plist */,
			);
			path = MarvelComicBrowserTests;
			sourceTree = "<group>";
		};
		E3BAEB981BB9D225000B9503 /* MarvelComicBrowserUITests */ = {
			isa = PBXGroup;
			children = (
				E3BAEB991BB9D225000B9503 /* MarvelComicBrowserUITests.swift */,
				E3BAEB9B1BB9D225000B9503 /* Info.plist */,
			);
			path = MarvelComicBrowserUITests;
			sourceTree = "<group>";
		};
		E3BAEBC11BBADE05000B9503 /* Framworks */ = {
			isa = PBXGroup;
			children = (
				E3D5A36C1BBC6BBA00027841 /* ImageLoader.framework */,
				E3D5A33B1BBB1EAE00027841 /* AlamofireObjectMapper.framework */,
				E3BAEBD01BBAFADC000B9503 /* ObjectMapper.framework */,
				E3BAEBC21BBADE77000B9503 /* SwiftyJSON.framework */,
				E3BAEBBA1BBACED5000B9503 /* Alamofire.framework */,
			);
			name = Framworks;
			sourceTree = "<group>";
		};
		E3BAEBC61BBADEBE000B9503 /* Models */ = {
			isa = PBXGroup;
			children = (
				E3D5A3411BBB363700027841 /* MavelDataWrapper.swift */,
				E3D5A3431BBC2ADB00027841 /* DataContainer.swift */,
				E3D5A3501BBC419100027841 /* Common */,
				E3D5A34F1BBC411800027841 /* Character */,
				E3D5A34E1BBC40F800027841 /* Comic */,
			);
			name = Models;
			sourceTree = "<group>";
		};
		E3D5A33F1BBB274C00027841 /* LifeCycle */ = {
			isa = PBXGroup;
			children = (
				E3BAEB771BB9D225000B9503 /* AppDelegate.swift */,
				E3BAEB7D1BB9D225000B9503 /* Main.storyboard */,
				E3BAEB801BB9D225000B9503 /* Assets.xcassets */,
				E3BAEB821BB9D225000B9503 /* LaunchScreen.storyboard */,
				E3BAEB851BB9D225000B9503 /* Info.plist */,
			);
			name = LifeCycle;
			sourceTree = "<group>";
		};
		E3D5A3401BBB27B800027841 /* ViewControllers */ = {
			isa = PBXGroup;
			children = (
				E3BAEB791BB9D225000B9503 /* MasterViewController.swift */,
				E3BAEB7B1BB9D225000B9503 /* DetailViewController.swift */,
				E30F3A5F1BD68040001E02E9 /* ComicTableViewController.swift */,
			);
			name = ViewControllers;
			sourceTree = "<group>";
		};
		E3D5A34E1BBC40F800027841 /* Comic */ = {
			isa = PBXGroup;
			children = (
				E3D5A34B1BBC39B800027841 /* Comic.swift */,
				E3D5A3591BBC5B4E00027841 /* MarvelTextObject.swift */,
				E3D5A35B1BBC5BB600027841 /* ComicDate.swift */,
				E3D5A35D1BBC5C2D00027841 /* ComicPrice.swift */,
				E3D5A35F1BBC5D7A00027841 /* Creator.swift */,
				E3D5A3611BBC5F2F00027841 /* CharacterList.swift */,
			);
			name = Comic;
			sourceTree = "<group>";
		};
		E3D5A34F1BBC411800027841 /* Character */ = {
			isa = PBXGroup;
			children = (
				E3D5A3451BBC304400027841 /* Character.swift */,
				E3D5A3551BBC498C00027841 /* ComicList.swift */,
			);
			name = Character;
			sourceTree = "<group>";
		};
		E3D5A3501BBC419100027841 /* Common */ = {
			isa = PBXGroup;
			children = (
				E3D5A3491BBC35C500027841 /* MarvelImage.swift */,
				E3D5A3511BBC42C200027841 /* URL.swift */,
				E3D5A3531BBC459C00027841 /* Series.swift */,
				E3D5A3571BBC5A4000027841 /* ComicSummary.swift */,
				E3D5A3631BBC615500027841 /* Stories.swift */,
				E3D5A3651BBC623900027841 /* Events.swift */,
			);
			name = Common;
			sourceTree = "<group>";
		};
		E3D5A3671BBC687900027841 /* Services */ = {
			isa = PBXGroup;
			children = (
				E3D5A3681BBC691100027841 /* DataContainerStack.swift */,
				E38DFE531BBDABFD00AAFD78 /* DataIterator.swift */,
				E3FEFB9A1BBDE9A9004348A8 /* RestProvider.swift */,
				E3AC67551BD93FD2005D4F2C /* Request.swift */,
			);
			name = Services;
			sourceTree = "<group>";
		};
/* End PBXGroup section */

/* Begin PBXNativeTarget section */
		E3BAEB731BB9D225000B9503 /* MarvelComicBrowser */ = {
			isa = PBXNativeTarget;
			buildConfigurationList = E3BAEB9E1BB9D225000B9503 /* Build configuration list for PBXNativeTarget "MarvelComicBrowser" */;
			buildPhases = (
				E3BAEB701BB9D225000B9503 /* Sources */,
				E3BAEB711BB9D225000B9503 /* Frameworks */,
				E3BAEB721BB9D225000B9503 /* Resources */,
				E3BAEBBC1BBACFA9000B9503 /* ShellScript */,
				E3BAEBBF1BBAD012000B9503 /* Embed Frameworks */,
			);
			buildRules = (
			);
			dependencies = (
			);
			name = MarvelComicBrowser;
			productName = MarvelComicBrowser;
			productReference = E3BAEB741BB9D225000B9503 /* MarvelComicBrowser.app */;
			productType = "com.apple.product-type.application";
		};
		E3BAEB891BB9D225000B9503 /* MarvelComicBrowserTests */ = {
			isa = PBXNativeTarget;
			buildConfigurationList = E3BAEBA11BB9D225000B9503 /* Build configuration list for PBXNativeTarget "MarvelComicBrowserTests" */;
			buildPhases = (
				E3BAEB861BB9D225000B9503 /* Sources */,
				E3BAEB871BB9D225000B9503 /* Frameworks */,
				E3BAEB881BB9D225000B9503 /* Resources */,
			);
			buildRules = (
			);
			dependencies = (
				E3BAEB8C1BB9D225000B9503 /* PBXTargetDependency */,
			);
			name = MarvelComicBrowserTests;
			productName = MarvelComicBrowserTests;
			productReference = E3BAEB8A1BB9D225000B9503 /* MarvelComicBrowserTests.xctest */;
			productType = "com.apple.product-type.bundle.unit-test";
		};
		E3BAEB941BB9D225000B9503 /* MarvelComicBrowserUITests */ = {
			isa = PBXNativeTarget;
			buildConfigurationList = E3BAEBA41BB9D225000B9503 /* Build configuration list for PBXNativeTarget "MarvelComicBrowserUITests" */;
			buildPhases = (
				E3BAEB911BB9D225000B9503 /* Sources */,
				E3BAEB921BB9D225000B9503 /* Frameworks */,
				E3BAEB931BB9D225000B9503 /* Resources */,
			);
			buildRules = (
			);
			dependencies = (
				E3BAEB971BB9D225000B9503 /* PBXTargetDependency */,
			);
			name = MarvelComicBrowserUITests;
			productName = MarvelComicBrowserUITests;
			productReference = E3BAEB951BB9D225000B9503 /* MarvelComicBrowserUITests.xctest */;
			productType = "com.apple.product-type.bundle.ui-testing";
		};
/* End PBXNativeTarget section */

/* Begin PBXProject section */
		E3BAEB6C1BB9D225000B9503 /* Project object */ = {
			isa = PBXProject;
			attributes = {
				LastUpgradeCheck = 0700;
				ORGANIZATIONNAME = ToolWatch;
				TargetAttributes = {
					E3BAEB731BB9D225000B9503 = {
						CreatedOnToolsVersion = 7.0;
					};
					E3BAEB891BB9D225000B9503 = {
						CreatedOnToolsVersion = 7.0;
						TestTargetID = E3BAEB731BB9D225000B9503;
					};
					E3BAEB941BB9D225000B9503 = {
						CreatedOnToolsVersion = 7.0;
						TestTargetID = E3BAEB731BB9D225000B9503;
					};
				};
			};
			buildConfigurationList = E3BAEB6F1BB9D225000B9503 /* Build configuration list for PBXProject "MarvelComicBrowser" */;
			compatibilityVersion = "Xcode 3.2";
			developmentRegion = English;
			hasScannedForEncodings = 0;
			knownRegions = (
				en,
				Base,
			);
			mainGroup = E3BAEB6B1BB9D225000B9503;
			productRefGroup = E3BAEB751BB9D225000B9503 /* Products */;
			projectDirPath = "";
			projectRoot = "";
			targets = (
				E3BAEB731BB9D225000B9503 /* MarvelComicBrowser */,
				E3BAEB891BB9D225000B9503 /* MarvelComicBrowserTests */,
				E3BAEB941BB9D225000B9503 /* MarvelComicBrowserUITests */,
			);
		};
/* End PBXProject section */

/* Begin PBXResourcesBuildPhase section */
		E3BAEB721BB9D225000B9503 /* Resources */ = {
			isa = PBXResourcesBuildPhase;
			buildActionMask = 2147483647;
			files = (
				E3BAEB841BB9D225000B9503 /* LaunchScreen.storyboard in Resources */,
				E3BAEB811BB9D225000B9503 /* Assets.xcassets in Resources */,
				E3BAEBA81BB9E3E0000B9503 /* Cartfile in Resources */,
				E3BAEB7F1BB9D225000B9503 /* Main.storyboard in Resources */,
			);
			runOnlyForDeploymentPostprocessing = 0;
		};
		E3BAEB881BB9D225000B9503 /* Resources */ = {
			isa = PBXResourcesBuildPhase;
			buildActionMask = 2147483647;
			files = (
			);
			runOnlyForDeploymentPostprocessing = 0;
		};
		E3BAEB931BB9D225000B9503 /* Resources */ = {
			isa = PBXResourcesBuildPhase;
			buildActionMask = 2147483647;
			files = (
			);
			runOnlyForDeploymentPostprocessing = 0;
		};
/* End PBXResourcesBuildPhase section */

/* Begin PBXShellScriptBuildPhase section */
		E3BAEBBC1BBACFA9000B9503 /* ShellScript */ = {
			isa = PBXShellScriptBuildPhase;
			buildActionMask = 2147483647;
			files = (
			);
			inputPaths = (
				"$(SRCROOT)/Carthage/Build/iOS/Alamofire.framework",
				"$(SRCROOT)/Carthage/Build/iOS/ObjectMapper.framework",
				"$(SRCROOT)/Carthage/Build/iOS/AlamofireObjectMapper.framework",
				"$(SRCROOT)/Carthage/Build/iOS/ImageLoader.framework",
			);
			outputPaths = (
			);
			runOnlyForDeploymentPostprocessing = 0;
			shellPath = /bin/sh;
			shellScript = "/usr/local/bin/carthage copy-frameworks";
		};
/* End PBXShellScriptBuildPhase section */

/* Begin PBXSourcesBuildPhase section */
		E3BAEB701BB9D225000B9503 /* Sources */ = {
			isa = PBXSourcesBuildPhase;
			buildActionMask = 2147483647;
			files = (
				E3BAEB7C1BB9D225000B9503 /* DetailViewController.swift in Sources */,
				E3AC67561BD93FD2005D4F2C /* Request.swift in Sources */,
				E3D5A3561BBC498C00027841 /* ComicList.swift in Sources */,
				E334ED761BBECE480060E51D /* ComicCollectionViewCell.swift in Sources */,
				E3D5A3691BBC691100027841 /* DataContainerStack.swift in Sources */,
				E3D5A35A1BBC5B4E00027841 /* MarvelTextObject.swift in Sources */,
				E3D5A3601BBC5D7A00027841 /* Creator.swift in Sources */,
				E3D5A3661BBC623900027841 /* Events.swift in Sources */,
				E3D5A3421BBB363700027841 /* MavelDataWrapper.swift in Sources */,
				E3D5A3641BBC615500027841 /* Stories.swift in Sources */,
				E3FEFB9B1BBDE9A9004348A8 /* RestProvider.swift in Sources */,
				E3D5A3461BBC304400027841 /* Character.swift in Sources */,
				E38DFE541BBDABFD00AAFD78 /* DataIterator.swift in Sources */,
				E3D5A3581BBC5A4000027841 /* ComicSummary.swift in Sources */,
				E3BAEB7A1BB9D225000B9503 /* MasterViewController.swift in Sources */,
				E3BAEB781BB9D225000B9503 /* AppDelegate.swift in Sources */,
				E30F3A601BD68040001E02E9 /* ComicTableViewController.swift in Sources */,
				E3D5A3521BBC42C200027841 /* URL.swift in Sources */,
				E3D5A35E1BBC5C2D00027841 /* ComicPrice.swift in Sources */,
				E3D5A35C1BBC5BB600027841 /* ComicDate.swift in Sources */,
				E3D5A34A1BBC35C500027841 /* MarvelImage.swift in Sources */,
				E3D5A3541BBC459C00027841 /* Series.swift in Sources */,
				E3D5A3621BBC5F2F00027841 /* CharacterList.swift in Sources */,
				E3D5A34C1BBC39B800027841 /* Comic.swift in Sources */,
				E3D5A3441BBC2ADB00027841 /* DataContainer.swift in Sources */,
			);
			runOnlyForDeploymentPostprocessing = 0;
		};
		E3BAEB861BB9D225000B9503 /* Sources */ = {
			isa = PBXSourcesBuildPhase;
			buildActionMask = 2147483647;
			files = (
				E3BAEB8F1BB9D225000B9503 /* MarvelComicBrowserTests.swift in Sources */,
			);
			runOnlyForDeploymentPostprocessing = 0;
		};
		E3BAEB911BB9D225000B9503 /* Sources */ = {
			isa = PBXSourcesBuildPhase;
			buildActionMask = 2147483647;
			files = (
				E3BAEB9A1BB9D225000B9503 /* MarvelComicBrowserUITests.swift in Sources */,
			);
			runOnlyForDeploymentPostprocessing = 0;
		};
/* End PBXSourcesBuildPhase section */

/* Begin PBXTargetDependency section */
		E3BAEB8C1BB9D225000B9503 /* PBXTargetDependency */ = {
			isa = PBXTargetDependency;
			target = E3BAEB731BB9D225000B9503 /* MarvelComicBrowser */;
			targetProxy = E3BAEB8B1BB9D225000B9503 /* PBXContainerItemProxy */;
		};
		E3BAEB971BB9D225000B9503 /* PBXTargetDependency */ = {
			isa = PBXTargetDependency;
			target = E3BAEB731BB9D225000B9503 /* MarvelComicBrowser */;
			targetProxy = E3BAEB961BB9D225000B9503 /* PBXContainerItemProxy */;
		};
/* End PBXTargetDependency section */

/* Begin PBXVariantGroup section */
		E3BAEB7D1BB9D225000B9503 /* Main.storyboard */ = {
			isa = PBXVariantGroup;
			children = (
				E3BAEB7E1BB9D225000B9503 /* Base */,
			);
			name = Main.storyboard;
			sourceTree = "<group>";
		};
		E3BAEB821BB9D225000B9503 /* LaunchScreen.storyboard */ = {
			isa = PBXVariantGroup;
			children = (
				E3BAEB831BB9D225000B9503 /* Base */,
			);
			name = LaunchScreen.storyboard;
			sourceTree = "<group>";
		};
/* End PBXVariantGroup section */

/* Begin XCBuildConfiguration section */
		E3BAEB9C1BB9D225000B9503 /* Debug */ = {
			isa = XCBuildConfiguration;
			buildSettings = {
				ALWAYS_SEARCH_USER_PATHS = NO;
				CLANG_CXX_LANGUAGE_STANDARD = "gnu++0x";
				CLANG_CXX_LIBRARY = "libc++";
				CLANG_ENABLE_MODULES = YES;
				CLANG_ENABLE_OBJC_ARC = YES;
				CLANG_WARN_BOOL_CONVERSION = YES;
				CLANG_WARN_CONSTANT_CONVERSION = YES;
				CLANG_WARN_DIRECT_OBJC_ISA_USAGE = YES_ERROR;
				CLANG_WARN_EMPTY_BODY = YES;
				CLANG_WARN_ENUM_CONVERSION = YES;
				CLANG_WARN_INT_CONVERSION = YES;
				CLANG_WARN_OBJC_ROOT_CLASS = YES_ERROR;
				CLANG_WARN_UNREACHABLE_CODE = YES;
				CLANG_WARN__DUPLICATE_METHOD_MATCH = YES;
				"CODE_SIGN_IDENTITY[sdk=iphoneos*]" = "iPhone Developer";
				COPY_PHASE_STRIP = NO;
				DEBUG_INFORMATION_FORMAT = dwarf;
				ENABLE_STRICT_OBJC_MSGSEND = YES;
				ENABLE_TESTABILITY = YES;
				GCC_C_LANGUAGE_STANDARD = gnu99;
				GCC_DYNAMIC_NO_PIC = NO;
				GCC_NO_COMMON_BLOCKS = YES;
				GCC_OPTIMIZATION_LEVEL = 0;
				GCC_PREPROCESSOR_DEFINITIONS = (
					"DEBUG=1",
					"$(inherited)",
				);
				GCC_WARN_64_TO_32_BIT_CONVERSION = YES;
				GCC_WARN_ABOUT_RETURN_TYPE = YES_ERROR;
				GCC_WARN_UNDECLARED_SELECTOR = YES;
				GCC_WARN_UNINITIALIZED_AUTOS = YES_AGGRESSIVE;
				GCC_WARN_UNUSED_FUNCTION = YES;
				GCC_WARN_UNUSED_VARIABLE = YES;
				IPHONEOS_DEPLOYMENT_TARGET = 9.0;
				MTL_ENABLE_DEBUG_INFO = YES;
				ONLY_ACTIVE_ARCH = YES;
				SDKROOT = iphoneos;
				SWIFT_OPTIMIZATION_LEVEL = "-Onone";
			};
			name = Debug;
		};
		E3BAEB9D1BB9D225000B9503 /* Release */ = {
			isa = XCBuildConfiguration;
			buildSettings = {
				ALWAYS_SEARCH_USER_PATHS = NO;
				CLANG_CXX_LANGUAGE_STANDARD = "gnu++0x";
				CLANG_CXX_LIBRARY = "libc++";
				CLANG_ENABLE_MODULES = YES;
				CLANG_ENABLE_OBJC_ARC = YES;
				CLANG_WARN_BOOL_CONVERSION = YES;
				CLANG_WARN_CONSTANT_CONVERSION = YES;
				CLANG_WARN_DIRECT_OBJC_ISA_USAGE = YES_ERROR;
				CLANG_WARN_EMPTY_BODY = YES;
				CLANG_WARN_ENUM_CONVERSION = YES;
				CLANG_WARN_INT_CONVERSION = YES;
				CLANG_WARN_OBJC_ROOT_CLASS = YES_ERROR;
				CLANG_WARN_UNREACHABLE_CODE = YES;
				CLANG_WARN__DUPLICATE_METHOD_MATCH = YES;
				"CODE_SIGN_IDENTITY[sdk=iphoneos*]" = "iPhone Developer";
				COPY_PHASE_STRIP = NO;
				DEBUG_INFORMATION_FORMAT = "dwarf-with-dsym";
				ENABLE_NS_ASSERTIONS = NO;
				ENABLE_STRICT_OBJC_MSGSEND = YES;
				GCC_C_LANGUAGE_STANDARD = gnu99;
				GCC_NO_COMMON_BLOCKS = YES;
				GCC_WARN_64_TO_32_BIT_CONVERSION = YES;
				GCC_WARN_ABOUT_RETURN_TYPE = YES_ERROR;
				GCC_WARN_UNDECLARED_SELECTOR = YES;
				GCC_WARN_UNINITIALIZED_AUTOS = YES_AGGRESSIVE;
				GCC_WARN_UNUSED_FUNCTION = YES;
				GCC_WARN_UNUSED_VARIABLE = YES;
				IPHONEOS_DEPLOYMENT_TARGET = 9.0;
				MTL_ENABLE_DEBUG_INFO = NO;
				SDKROOT = iphoneos;
				VALIDATE_PRODUCT = YES;
			};
			name = Release;
		};
		E3BAEB9F1BB9D225000B9503 /* Debug */ = {
			isa = XCBuildConfiguration;
			buildSettings = {
				ASSETCATALOG_COMPILER_APPICON_NAME = AppIcon;
				FRAMEWORK_SEARCH_PATHS = (
					"$(inherited)",
					"$(PROJECT_DIR)/Carthage/Build/iOS",
				);
				INFOPLIST_FILE = MarvelComicBrowser/Info.plist;
				IPHONEOS_DEPLOYMENT_TARGET = 9.0;
				LD_RUNPATH_SEARCH_PATHS = "$(inherited) @executable_path/Frameworks";
				PRODUCT_BUNDLE_IDENTIFIER = com.ToolWatch.MarvelComicBrowser;
				PRODUCT_NAME = "$(TARGET_NAME)";
				TARGETED_DEVICE_FAMILY = "1,2";
			};
			name = Debug;
		};
		E3BAEBA01BB9D225000B9503 /* Release */ = {
			isa = XCBuildConfiguration;
			buildSettings = {
				ASSETCATALOG_COMPILER_APPICON_NAME = AppIcon;
				FRAMEWORK_SEARCH_PATHS = (
					"$(inherited)",
					"$(PROJECT_DIR)/Carthage/Build/iOS",
				);
				INFOPLIST_FILE = MarvelComicBrowser/Info.plist;
				IPHONEOS_DEPLOYMENT_TARGET = 9.0;
				LD_RUNPATH_SEARCH_PATHS = "$(inherited) @executable_path/Frameworks";
				PRODUCT_BUNDLE_IDENTIFIER = com.ToolWatch.MarvelComicBrowser;
				PRODUCT_NAME = "$(TARGET_NAME)";
				TARGETED_DEVICE_FAMILY = "1,2";
			};
			name = Release;
		};
		E3BAEBA21BB9D225000B9503 /* Debug */ = {
			isa = XCBuildConfiguration;
			buildSettings = {
				BUNDLE_LOADER = "$(TEST_HOST)";
				INFOPLIST_FILE = MarvelComicBrowserTests/Info.plist;
				LD_RUNPATH_SEARCH_PATHS = "$(inherited) @executable_path/Frameworks @loader_path/Frameworks";
				PRODUCT_BUNDLE_IDENTIFIER = com.ToolWatch.MarvelComicBrowserTests;
				PRODUCT_NAME = "$(TARGET_NAME)";
				TEST_HOST = "$(BUILT_PRODUCTS_DIR)/MarvelComicBrowser.app/MarvelComicBrowser";
			};
			name = Debug;
		};
		E3BAEBA31BB9D225000B9503 /* Release */ = {
			isa = XCBuildConfiguration;
			buildSettings = {
				BUNDLE_LOADER = "$(TEST_HOST)";
				INFOPLIST_FILE = MarvelComicBrowserTests/Info.plist;
				LD_RUNPATH_SEARCH_PATHS = "$(inherited) @executable_path/Frameworks @loader_path/Frameworks";
				PRODUCT_BUNDLE_IDENTIFIER = com.ToolWatch.MarvelComicBrowserTests;
				PRODUCT_NAME = "$(TARGET_NAME)";
				TEST_HOST = "$(BUILT_PRODUCTS_DIR)/MarvelComicBrowser.app/MarvelComicBrowser";
			};
			name = Release;
		};
		E3BAEBA51BB9D225000B9503 /* Debug */ = {
			isa = XCBuildConfiguration;
			buildSettings = {
				INFOPLIST_FILE = MarvelComicBrowserUITests/Info.plist;
				LD_RUNPATH_SEARCH_PATHS = "$(inherited) @executable_path/Frameworks @loader_path/Frameworks";
				PRODUCT_BUNDLE_IDENTIFIER = com.ToolWatch.MarvelComicBrowserUITests;
				PRODUCT_NAME = "$(TARGET_NAME)";
				TEST_TARGET_NAME = MarvelComicBrowser;
				USES_XCTRUNNER = YES;
			};
			name = Debug;
		};
		E3BAEBA61BB9D225000B9503 /* Release */ = {
			isa = XCBuildConfiguration;
			buildSettings = {
				INFOPLIST_FILE = MarvelComicBrowserUITests/Info.plist;
				LD_RUNPATH_SEARCH_PATHS = "$(inherited) @executable_path/Frameworks @loader_path/Frameworks";
				PRODUCT_BUNDLE_IDENTIFIER = com.ToolWatch.MarvelComicBrowserUITests;
				PRODUCT_NAME = "$(TARGET_NAME)";
				TEST_TARGET_NAME = MarvelComicBrowser;
				USES_XCTRUNNER = YES;
			};
			name = Release;
		};
/* End XCBuildConfiguration section */

/* Begin XCConfigurationList section */
		E3BAEB6F1BB9D225000B9503 /* Build configuration list for PBXProject "MarvelComicBrowser" */ = {
			isa = XCConfigurationList;
			buildConfigurations = (
				E3BAEB9C1BB9D225000B9503 /* Debug */,
				E3BAEB9D1BB9D225000B9503 /* Release */,
			);
			defaultConfigurationIsVisible = 0;
			defaultConfigurationName = Release;
		};
		E3BAEB9E1BB9D225000B9503 /* Build configuration list for PBXNativeTarget "MarvelComicBrowser" */ = {
			isa = XCConfigurationList;
			buildConfigurations = (
				E3BAEB9F1BB9D225000B9503 /* Debug */,
				E3BAEBA01BB9D225000B9503 /* Release */,
			);
			defaultConfigurationIsVisible = 0;
			defaultConfigurationName = Release;
		};
		E3BAEBA11BB9D225000B9503 /* Build configuration list for PBXNativeTarget "MarvelComicBrowserTests" */ = {
			isa = XCConfigurationList;
			buildConfigurations = (
				E3BAEBA21BB9D225000B9503 /* Debug */,
				E3BAEBA31BB9D225000B9503 /* Release */,
			);
			defaultConfigurationIsVisible = 0;
			defaultConfigurationName = Release;
		};
		E3BAEBA41BB9D225000B9503 /* Build configuration list for PBXNativeTarget "MarvelComicBrowserUITests" */ = {
			isa = XCConfigurationList;
			buildConfigurations = (
				E3BAEBA51BB9D225000B9503 /* Debug */,
				E3BAEBA61BB9D225000B9503 /* Release */,
			);
			defaultConfigurationIsVisible = 0;
			defaultConfigurationName = Release;
		};
/* End XCConfigurationList section */
	};
	rootObject = E3BAEB6C1BB9D225000B9503 /* Project object */;
}
